
Microsoft Visual Studio Solution File, Format Version 12.00
# Visual Studio Version 16
VisualStudioVersion = 16.0.29306.81
MinimumVisualStudioVersion = 10.0.40219.1
Project("{FAE04EC0-301F-11D3-BF4B-00C04F79EFBC}") = "Lab_2", "Lab_2.csproj", "{C5264ED1-7930-411C-8224-E7679CCC8C30}"
EndProject
Global
	GlobalSection(SolutionConfigurationPlatforms) = preSolution
		Debug|Any CPU = Debug|Any CPU
		Release|Any CPU = Release|Any CPU
	EndGlobalSection
	GlobalSection(ProjectConfigurationPlatforms) = postSolution
		{C5264ED1-7930-411C-8224-E7679CCC8C30}.Debug|Any CPU.ActiveCfg = Debug|Any CPU
		{C5264ED1-7930-411C-8224-E7679CCC8C30}.Debug|Any CPU.Build.0 = Debug|Any CPU
		{C5264ED1-7930-411C-8224-E7679CCC8C30}.Release|Any CPU.ActiveCfg = Release|Any CPU
		{C5264ED1-7930-411C-8224-E7679CCC8C30}.Release|Any CPU.Build.0 = Release|Any CPU
	EndGlobalSection
	GlobalSection(SolutionProperties) = preSolution
		HideSolutionNode = FALSE
	EndGlobalSection
	GlobalSection(ExtensibilityGlobals) = postSolution
		SolutionGuid = {DBE99039-BF11-4E04-8C9B-25C01805100E}
	EndGlobalSection
EndGlobal
